
Microsoft Visual Studio Solution File, Format Version 12.00
# Visual Studio Version 17
VisualStudioVersion = 17.6.33801.468
MinimumVisualStudioVersion = 10.0.40219.1
Project("{FAE04EC0-301F-11D3-BF4B-00C04F79EFBC}") = "sms", "sms\sms.csproj", "{5DFBB243-A6D6-44A1-8F49-5D448D0DD0CC}"
EndProject
Global
	GlobalSection(SolutionConfigurationPlatforms) = preSolution
		Debug|Any CPU = Debug|Any CPU
		Release|Any CPU = Release|Any CPU
	EndGlobalSection
	GlobalSection(ProjectConfigurationPlatforms) = postSolution
		{5DFBB243-A6D6-44A1-8F49-5D448D0DD0CC}.Debug|Any CPU.ActiveCfg = Debug|Any CPU
		{5DFBB243-A6D6-44A1-8F49-5D448D0DD0CC}.Debug|Any CPU.Build.0 = Debug|Any CPU
		{5DFBB243-A6D6-44A1-8F49-5D448D0DD0CC}.Release|Any CPU.ActiveCfg = Release|Any CPU
		{5DFBB243-A6D6-44A1-8F49-5D448D0DD0CC}.Release|Any CPU.Build.0 = Release|Any CPU
	EndGlobalSection
	GlobalSection(SolutionProperties) = preSolution
		HideSolutionNode = FALSE
	EndGlobalSection
	GlobalSection(ExtensibilityGlobals) = postSolution
		SolutionGuid = {0B58ECD9-AEC7-482E-9539-D88078502A3B}
	EndGlobalSection
EndGlobal
